
Microsoft Visual Studio Solution File, Format Version 12.00
# Visual Studio 15
VisualStudioVersion = 15.0.28306.52
MinimumVisualStudioVersion = 10.0.40219.1
Project("{9A19103F-16F7-4668-BE54-9A1E7A4F7556}") = "UnityLog4NetResolver", "UnityLog4NetResolver\UnityLog4NetResolver.csproj", "{2EC7C93B-4866-46D2-B9F6-CA06ACDC5499}"
EndProject
Global
	GlobalSection(SolutionConfigurationPlatforms) = preSolution
		Debug|Any CPU = Debug|Any CPU
		Release|Any CPU = Release|Any CPU
	EndGlobalSection
	GlobalSection(ProjectConfigurationPlatforms) = postSolution
		{2EC7C93B-4866-46D2-B9F6-CA06ACDC5499}.Debug|Any CPU.ActiveCfg = Debug|Any CPU
		{2EC7C93B-4866-46D2-B9F6-CA06ACDC5499}.Debug|Any CPU.Build.0 = Debug|Any CPU
		{2EC7C93B-4866-46D2-B9F6-CA06ACDC5499}.Release|Any CPU.ActiveCfg = Release|Any CPU
		{2EC7C93B-4866-46D2-B9F6-CA06ACDC5499}.Release|Any CPU.Build.0 = Release|Any CPU
	EndGlobalSection
	GlobalSection(SolutionProperties) = preSolution
		HideSolutionNode = FALSE
	EndGlobalSection
	GlobalSection(ExtensibilityGlobals) = postSolution
		SolutionGuid = {FD1EFF99-E37F-4FF4-88DD-288FEFBA3A6F}
	EndGlobalSection
EndGlobal
